
Microsoft Visual Studio Solution File, Format Version 12.00
# Visual Studio Version 17
VisualStudioVersion = 17.14.36511.14
MinimumVisualStudioVersion = 10.0.40219.1
Project("{FAE04EC0-301F-11D3-BF4B-00C04F79EFBC}") = "CarServiceApp", "CarServiceApp\CarServiceApp.csproj", "{CA4F82BB-DC71-437E-9089-DD3880247C14}"
EndProject
Global
	GlobalSection(SolutionConfigurationPlatforms) = preSolution
		Debug|Any CPU = Debug|Any CPU
		Release|Any CPU = Release|Any CPU
	EndGlobalSection
	GlobalSection(ProjectConfigurationPlatforms) = postSolution
		{CA4F82BB-DC71-437E-9089-DD3880247C14}.Debug|Any CPU.ActiveCfg = Debug|Any CPU
		{CA4F82BB-DC71-437E-9089-DD3880247C14}.Debug|Any CPU.Build.0 = Debug|Any CPU
		{CA4F82BB-DC71-437E-9089-DD3880247C14}.Release|Any CPU.ActiveCfg = Release|Any CPU
		{CA4F82BB-DC71-437E-9089-DD3880247C14}.Release|Any CPU.Build.0 = Release|Any CPU
	EndGlobalSection
	GlobalSection(SolutionProperties) = preSolution
		HideSolutionNode = FALSE
	EndGlobalSection
	GlobalSection(ExtensibilityGlobals) = postSolution
		SolutionGuid = {94EB1B73-EB17-4608-884B-DFA2534C743F}
	EndGlobalSection
EndGlobal
